
Microsoft Visual Studio Solution File, Format Version 12.00
# Visual Studio Version 17
VisualStudioVersion = 17.7.34031.279
MinimumVisualStudioVersion = 10.0.40219.1
Project("{FAE04EC0-301F-11D3-BF4B-00C04F79EFBC}") = "eShopSolution.WebApp", "eShopSolution.WebApp\eShopSolution.WebApp.csproj", "{EF49A8D6-3552-4793-A040-43FF9E82C830}"
EndProject
Project("{2150E333-8FDC-42A3-9474-1A3956D46DE8}") = "Solution Items", "Solution Items", "{F0B623F6-D027-4FC4-A514-F41FD2683687}"
	ProjectSection(SolutionItems) = preProject
		README.md = README.md
	EndProjectSection
EndProject
Project("{FAE04EC0-301F-11D3-BF4B-00C04F79EFBC}") = "eShopSolution.Data", "eShopSolution.Data\eShopSolution.Data.csproj", "{817D65A0-15E2-4AC1-AFC1-EA402D3637E3}"
EndProject
Project("{FAE04EC0-301F-11D3-BF4B-00C04F79EFBC}") = "eShopSolution.Application", "eShopSolution.Application\eShopSolution.Application.csproj", "{09D39EE7-3F16-4BCE-A8C6-6E5D20F7D9CA}"
EndProject
Global
	GlobalSection(SolutionConfigurationPlatforms) = preSolution
		Debug|Any CPU = Debug|Any CPU
		Release|Any CPU = Release|Any CPU
	EndGlobalSection
	GlobalSection(ProjectConfigurationPlatforms) = postSolution
		{EF49A8D6-3552-4793-A040-43FF9E82C830}.Debug|Any CPU.ActiveCfg = Debug|Any CPU
		{EF49A8D6-3552-4793-A040-43FF9E82C830}.Debug|Any CPU.Build.0 = Debug|Any CPU
		{EF49A8D6-3552-4793-A040-43FF9E82C830}.Release|Any CPU.ActiveCfg = Release|Any CPU
		{EF49A8D6-3552-4793-A040-43FF9E82C830}.Release|Any CPU.Build.0 = Release|Any CPU
		{817D65A0-15E2-4AC1-AFC1-EA402D3637E3}.Debug|Any CPU.ActiveCfg = Debug|Any CPU
		{817D65A0-15E2-4AC1-AFC1-EA402D3637E3}.Debug|Any CPU.Build.0 = Debug|Any CPU
		{817D65A0-15E2-4AC1-AFC1-EA402D3637E3}.Release|Any CPU.ActiveCfg = Release|Any CPU
		{817D65A0-15E2-4AC1-AFC1-EA402D3637E3}.Release|Any CPU.Build.0 = Release|Any CPU
		{09D39EE7-3F16-4BCE-A8C6-6E5D20F7D9CA}.Debug|Any CPU.ActiveCfg = Debug|Any CPU
		{09D39EE7-3F16-4BCE-A8C6-6E5D20F7D9CA}.Debug|Any CPU.Build.0 = Debug|Any CPU
		{09D39EE7-3F16-4BCE-A8C6-6E5D20F7D9CA}.Release|Any CPU.ActiveCfg = Release|Any CPU
		{09D39EE7-3F16-4BCE-A8C6-6E5D20F7D9CA}.Release|Any CPU.Build.0 = Release|Any CPU
	EndGlobalSection
	GlobalSection(SolutionProperties) = preSolution
		HideSolutionNode = FALSE
	EndGlobalSection
	GlobalSection(ExtensibilityGlobals) = postSolution
		SolutionGuid = {82DB1C30-81EF-4416-85E8-4307B0772A33}
	EndGlobalSection
EndGlobal
